// !$*UTF8*$!
{
	archiveVersion = 1;
	classes = {
	};
	objectVersion = 51;
	objects = {

/* Begin PBXBuildFile section */
		80017E3A2444EC61002C4634 /* PlayerBarView.swift in Sources */ = {isa = PBXBuildFile; fileRef = 80017E392444EC61002C4634 /* PlayerBarView.swift */; };
		8051D2DB243BAD29008C162F /* AppDelegate.swift in Sources */ = {isa = PBXBuildFile; fileRef = 8051D2DA243BAD29008C162F /* AppDelegate.swift */; };
		8051D2DD243BAD29008C162F /* SceneDelegate.swift in Sources */ = {isa = PBXBuildFile; fileRef = 8051D2DC243BAD29008C162F /* SceneDelegate.swift */; };
		8051D2DF243BAD29008C162F /* ContentView.swift in Sources */ = {isa = PBXBuildFile; fileRef = 8051D2DE243BAD29008C162F /* ContentView.swift */; };
		8051D2E1243BAD2B008C162F /* Assets.xcassets in Resources */ = {isa = PBXBuildFile; fileRef = 8051D2E0243BAD2B008C162F /* Assets.xcassets */; };
		8051D2E4243BAD2B008C162F /* Preview Assets.xcassets in Resources */ = {isa = PBXBuildFile; fileRef = 8051D2E3243BAD2B008C162F /* Preview Assets.xcassets */; };
		8051D2E7243BAD2B008C162F /* LaunchScreen.storyboard in Resources */ = {isa = PBXBuildFile; fileRef = 8051D2E5243BAD2B008C162F /* LaunchScreen.storyboard */; };
		80859A502444DF3B005FE335 /* SmallTextView.swift in Sources */ = {isa = PBXBuildFile; fileRef = 80859A4C2444DF3B005FE335 /* SmallTextView.swift */; };
		80859A512444DF3B005FE335 /* BigTextView.swift in Sources */ = {isa = PBXBuildFile; fileRef = 80859A4D2444DF3B005FE335 /* BigTextView.swift */; };
		80859A522444DF3B005FE335 /* LyricsView.swift in Sources */ = {isa = PBXBuildFile; fileRef = 80859A4E2444DF3B005FE335 /* LyricsView.swift */; };
		80859A562444DF4A005FE335 /* ColorsConstants.swift in Sources */ = {isa = PBXBuildFile; fileRef = 80859A542444DF4A005FE335 /* ColorsConstants.swift */; };
		80859A572444DF4A005FE335 /* StatusBarColor.swift in Sources */ = {isa = PBXBuildFile; fileRef = 80859A552444DF4A005FE335 /* StatusBarColor.swift */; };
		C01F4C36243D14E00064B848 /* MainHorizontalScrollView.swift in Sources */ = {isa = PBXBuildFile; fileRef = C01F4C35243D14E00064B848 /* MainHorizontalScrollView.swift */; };
		C0655C4724424DC1007E077A /* AlbumImageModel.swift in Sources */ = {isa = PBXBuildFile; fileRef = C0655C4624424DC1007E077A /* AlbumImageModel.swift */; };
		C0956E66243D3ADA00E74C81 /* MarqueeText.swift in Sources */ = {isa = PBXBuildFile; fileRef = C0956E65243D3ADA00E74C81 /* MarqueeText.swift */; };
		C0CE29A3243FD32800DEEC7D /* MostReadModel.swift in Sources */ = {isa = PBXBuildFile; fileRef = C0CE29A2243FD32800DEEC7D /* MostReadModel.swift */; };
		C0CE29A7243FD8E000DEEC7D /* MostReadData.swift in Sources */ = {isa = PBXBuildFile; fileRef = C0CE29A6243FD8E000DEEC7D /* MostReadData.swift */; };
		C0D98450243E470900A934E7 /* InnerShadowView.swift in Sources */ = {isa = PBXBuildFile; fileRef = C0D9844F243E470900A934E7 /* InnerShadowView.swift */; };
		E2BE40F31A23D76F82E351EA /* Pods_LyricsPlayer.framework in Frameworks */ = {isa = PBXBuildFile; fileRef = 7F589AAE8F1983F8C76C2613 /* Pods_LyricsPlayer.framework */; };
		E779753F243CF71A00085F75 /* MusicSearch.swift in Sources */ = {isa = PBXBuildFile; fileRef = E779753E243CF71A00085F75 /* MusicSearch.swift */; };
		E7797541243CF73200085F75 /* WebService.swift in Sources */ = {isa = PBXBuildFile; fileRef = E7797540243CF73200085F75 /* WebService.swift */; };
		E7E576CB2444D92500D6B6B1 /* SearchBarView.swift in Sources */ = {isa = PBXBuildFile; fileRef = E7E576CA2444D92500D6B6B1 /* SearchBarView.swift */; };
/* End PBXBuildFile section */

/* Begin PBXFileReference section */
		5A44ACD6461E3293A8666DF2 /* Pods-LyricsPlayer.release.xcconfig */ = {isa = PBXFileReference; includeInIndex = 1; lastKnownFileType = text.xcconfig; name = "Pods-LyricsPlayer.release.xcconfig"; path = "Target Support Files/Pods-LyricsPlayer/Pods-LyricsPlayer.release.xcconfig"; sourceTree = "<group>"; };
		7F589AAE8F1983F8C76C2613 /* Pods_LyricsPlayer.framework */ = {isa = PBXFileReference; explicitFileType = wrapper.framework; includeInIndex = 0; path = Pods_LyricsPlayer.framework; sourceTree = BUILT_PRODUCTS_DIR; };
		80017E392444EC61002C4634 /* PlayerBarView.swift */ = {isa = PBXFileReference; lastKnownFileType = sourcecode.swift; path = PlayerBarView.swift; sourceTree = "<group>"; };
		8051D2D7243BAD29008C162F /* LyricsPlayer.app */ = {isa = PBXFileReference; explicitFileType = wrapper.application; includeInIndex = 0; path = LyricsPlayer.app; sourceTree = BUILT_PRODUCTS_DIR; };
		8051D2DA243BAD29008C162F /* AppDelegate.swift */ = {isa = PBXFileReference; lastKnownFileType = sourcecode.swift; path = AppDelegate.swift; sourceTree = "<group>"; };
		8051D2DC243BAD29008C162F /* SceneDelegate.swift */ = {isa = PBXFileReference; lastKnownFileType = sourcecode.swift; path = SceneDelegate.swift; sourceTree = "<group>"; };
		8051D2DE243BAD29008C162F /* ContentView.swift */ = {isa = PBXFileReference; lastKnownFileType = sourcecode.swift; path = ContentView.swift; sourceTree = "<group>"; };
		8051D2E0243BAD2B008C162F /* Assets.xcassets */ = {isa = PBXFileReference; lastKnownFileType = folder.assetcatalog; path = Assets.xcassets; sourceTree = "<group>"; };
		8051D2E3243BAD2B008C162F /* Preview Assets.xcassets */ = {isa = PBXFileReference; lastKnownFileType = folder.assetcatalog; path = "Preview Assets.xcassets"; sourceTree = "<group>"; };
		8051D2E6243BAD2B008C162F /* Base */ = {isa = PBXFileReference; lastKnownFileType = file.storyboard; name = Base; path = Base.lproj/LaunchScreen.storyboard; sourceTree = "<group>"; };
		8051D2E8243BAD2B008C162F /* Info.plist */ = {isa = PBXFileReference; lastKnownFileType = text.plist.xml; path = Info.plist; sourceTree = "<group>"; };
		80859A4C2444DF3B005FE335 /* SmallTextView.swift */ = {isa = PBXFileReference; fileEncoding = 4; lastKnownFileType = sourcecode.swift; path = SmallTextView.swift; sourceTree = "<group>"; };
		80859A4D2444DF3B005FE335 /* BigTextView.swift */ = {isa = PBXFileReference; fileEncoding = 4; lastKnownFileType = sourcecode.swift; path = BigTextView.swift; sourceTree = "<group>"; };
		80859A4E2444DF3B005FE335 /* LyricsView.swift */ = {isa = PBXFileReference; fileEncoding = 4; lastKnownFileType = sourcecode.swift; path = LyricsView.swift; sourceTree = "<group>"; };
		80859A542444DF4A005FE335 /* ColorsConstants.swift */ = {isa = PBXFileReference; fileEncoding = 4; lastKnownFileType = sourcecode.swift; path = ColorsConstants.swift; sourceTree = "<group>"; };
		80859A552444DF4A005FE335 /* StatusBarColor.swift */ = {isa = PBXFileReference; fileEncoding = 4; lastKnownFileType = sourcecode.swift; path = StatusBarColor.swift; sourceTree = "<group>"; };
		A6D694AB28F98BD9F94754D8 /* Pods-LyricsPlayer.debug.xcconfig */ = {isa = PBXFileReference; includeInIndex = 1; lastKnownFileType = text.xcconfig; name = "Pods-LyricsPlayer.debug.xcconfig"; path = "Target Support Files/Pods-LyricsPlayer/Pods-LyricsPlayer.debug.xcconfig"; sourceTree = "<group>"; };
		C01F4C35243D14E00064B848 /* MainHorizontalScrollView.swift */ = {isa = PBXFileReference; lastKnownFileType = sourcecode.swift; path = MainHorizontalScrollView.swift; sourceTree = "<group>"; };
		C0655C4624424DC1007E077A /* AlbumImageModel.swift */ = {isa = PBXFileReference; lastKnownFileType = sourcecode.swift; path = AlbumImageModel.swift; sourceTree = "<group>"; };
		C0956E65243D3ADA00E74C81 /* MarqueeText.swift */ = {isa = PBXFileReference; lastKnownFileType = sourcecode.swift; path = MarqueeText.swift; sourceTree = "<group>"; };
		C0CE29A2243FD32800DEEC7D /* MostReadModel.swift */ = {isa = PBXFileReference; lastKnownFileType = sourcecode.swift; path = MostReadModel.swift; sourceTree = "<group>"; };
		C0CE29A6243FD8E000DEEC7D /* MostReadData.swift */ = {isa = PBXFileReference; lastKnownFileType = sourcecode.swift; path = MostReadData.swift; sourceTree = "<group>"; };
		C0D9844F243E470900A934E7 /* InnerShadowView.swift */ = {isa = PBXFileReference; lastKnownFileType = sourcecode.swift; path = InnerShadowView.swift; sourceTree = "<group>"; };
		E779753E243CF71A00085F75 /* MusicSearch.swift */ = {isa = PBXFileReference; lastKnownFileType = sourcecode.swift; path = MusicSearch.swift; sourceTree = "<group>"; };
		E7797540243CF73200085F75 /* WebService.swift */ = {isa = PBXFileReference; lastKnownFileType = sourcecode.swift; path = WebService.swift; sourceTree = "<group>"; };
		E7E576CA2444D92500D6B6B1 /* SearchBarView.swift */ = {isa = PBXFileReference; lastKnownFileType = sourcecode.swift; path = SearchBarView.swift; sourceTree = "<group>"; };
/* End PBXFileReference section */

/* Begin PBXFrameworksBuildPhase section */
		8051D2D4243BAD29008C162F /* Frameworks */ = {
			isa = PBXFrameworksBuildPhase;
			buildActionMask = 2147483647;
			files = (
				E2BE40F31A23D76F82E351EA /* Pods_LyricsPlayer.framework in Frameworks */,
			);
			runOnlyForDeploymentPostprocessing = 0;
		};
/* End PBXFrameworksBuildPhase section */

/* Begin PBXGroup section */
		4810393D18A2F31E95A32F0D /* Frameworks */ = {
			isa = PBXGroup;
			children = (
				7F589AAE8F1983F8C76C2613 /* Pods_LyricsPlayer.framework */,
			);
			name = Frameworks;
			sourceTree = "<group>";
		};
		80017E382444EC4F002C4634 /* PlayerBar */ = {
			isa = PBXGroup;
			children = (
				80017E392444EC61002C4634 /* PlayerBarView.swift */,
			);
			path = PlayerBar;
			sourceTree = "<group>";
		};
		8051D2CE243BAD29008C162F = {
			isa = PBXGroup;
			children = (
				8051D2D9243BAD29008C162F /* LyricsPlayer */,
				8051D2D8243BAD29008C162F /* Products */,
				D29E7E219FD16F1B20E8AF05 /* Pods */,
				4810393D18A2F31E95A32F0D /* Frameworks */,
			);
			sourceTree = "<group>";
		};
		8051D2D8243BAD29008C162F /* Products */ = {
			isa = PBXGroup;
			children = (
				8051D2D7243BAD29008C162F /* LyricsPlayer.app */,
			);
			name = Products;
			sourceTree = "<group>";
		};
		8051D2D9243BAD29008C162F /* LyricsPlayer */ = {
			isa = PBXGroup;
			children = (
				80017E382444EC4F002C4634 /* PlayerBar */,
				80859A532444DF4A005FE335 /* Support */,
				80859A4A2444DF3B005FE335 /* LyricsScreen */,
				E7E576C82444D8FC00D6B6B1 /* SearchView */,
				C0CE299E243FD26E00DEEC7D /* HScrollView */,
				8051D2DA243BAD29008C162F /* AppDelegate.swift */,
				8051D2DC243BAD29008C162F /* SceneDelegate.swift */,
				8051D2DE243BAD29008C162F /* ContentView.swift */,
				8051D2E0243BAD2B008C162F /* Assets.xcassets */,
				8051D2E5243BAD2B008C162F /* LaunchScreen.storyboard */,
				8051D2E8243BAD2B008C162F /* Info.plist */,
				8051D2E2243BAD2B008C162F /* Preview Content */,
			);
			path = LyricsPlayer;
			sourceTree = "<group>";
		};
		8051D2E2243BAD2B008C162F /* Preview Content */ = {
			isa = PBXGroup;
			children = (
				8051D2E3243BAD2B008C162F /* Preview Assets.xcassets */,
			);
			path = "Preview Content";
			sourceTree = "<group>";
		};
		80859A4A2444DF3B005FE335 /* LyricsScreen */ = {
			isa = PBXGroup;
			children = (
				80859A4C2444DF3B005FE335 /* SmallTextView.swift */,
				80859A4D2444DF3B005FE335 /* BigTextView.swift */,
				80859A4E2444DF3B005FE335 /* LyricsView.swift */,
			);
			path = LyricsScreen;
			sourceTree = "<group>";
		};
		80859A532444DF4A005FE335 /* Support */ = {
			isa = PBXGroup;
			children = (
				80859A542444DF4A005FE335 /* ColorsConstants.swift */,
				80859A552444DF4A005FE335 /* StatusBarColor.swift */,
			);
			path = Support;
			sourceTree = "<group>";
		};
		C0CE299E243FD26E00DEEC7D /* HScrollView */ = {
			isa = PBXGroup;
			children = (
				C0CE29A0243FD2E300DEEC7D /* Model */,
				C0CE299F243FD2D000DEEC7D /* View */,
			);
			path = HScrollView;
			sourceTree = "<group>";
		};
		C0CE299F243FD2D000DEEC7D /* View */ = {
			isa = PBXGroup;
			children = (
				C01F4C35243D14E00064B848 /* MainHorizontalScrollView.swift */,
				C0D9844F243E470900A934E7 /* InnerShadowView.swift */,
				C0956E65243D3ADA00E74C81 /* MarqueeText.swift */,
			);
			path = View;
			sourceTree = "<group>";
		};
		C0CE29A0243FD2E300DEEC7D /* Model */ = {
			isa = PBXGroup;
			children = (
				C0655C4624424DC1007E077A /* AlbumImageModel.swift */,
				C0CE29A2243FD32800DEEC7D /* MostReadModel.swift */,
				C0CE29A6243FD8E000DEEC7D /* MostReadData.swift */,
			);
			path = Model;
			sourceTree = "<group>";
		};
		D29E7E219FD16F1B20E8AF05 /* Pods */ = {
			isa = PBXGroup;
			children = (
				A6D694AB28F98BD9F94754D8 /* Pods-LyricsPlayer.debug.xcconfig */,
				5A44ACD6461E3293A8666DF2 /* Pods-LyricsPlayer.release.xcconfig */,
			);
			path = Pods;
			sourceTree = "<group>";
		};
		E779753C243CF5DB00085F75 /* Service */ = {
			isa = PBXGroup;
			children = (
				E7797540243CF73200085F75 /* WebService.swift */,
			);
			path = Service;
			sourceTree = "<group>";
		};
		E779753D243CF5E300085F75 /* Model */ = {
			isa = PBXGroup;
			children = (
				E779753E243CF71A00085F75 /* MusicSearch.swift */,
			);
			path = Model;
			sourceTree = "<group>";
		};
		E7E576C82444D8FC00D6B6B1 /* SearchView */ = {
			isa = PBXGroup;
			children = (
				E7E576C92444D91500D6B6B1 /* View */,
				E779753C243CF5DB00085F75 /* Service */,
				E779753D243CF5E300085F75 /* Model */,
			);
			path = SearchView;
			sourceTree = "<group>";
		};
		E7E576C92444D91500D6B6B1 /* View */ = {
			isa = PBXGroup;
			children = (
				E7E576CA2444D92500D6B6B1 /* SearchBarView.swift */,
			);
			path = View;
			sourceTree = "<group>";
		};
/* End PBXGroup section */

/* Begin PBXNativeTarget section */
		8051D2D6243BAD29008C162F /* LyricsPlayer */ = {
			isa = PBXNativeTarget;
			buildConfigurationList = 8051D2EB243BAD2B008C162F /* Build configuration list for PBXNativeTarget "LyricsPlayer" */;
			buildPhases = (
				CC6283F1DE7AC7AD0B978006 /* [CP] Check Pods Manifest.lock */,
				8051D2D3243BAD29008C162F /* Sources */,
				8051D2D4243BAD29008C162F /* Frameworks */,
				8051D2D5243BAD29008C162F /* Resources */,
				A91839BCB0CBF8AF3DE1476C /* [CP] Embed Pods Frameworks */,
			);
			buildRules = (
			);
			dependencies = (
			);
			name = LyricsPlayer;
			productName = LyricsPlayer;
			productReference = 8051D2D7243BAD29008C162F /* LyricsPlayer.app */;
			productType = "com.apple.product-type.application";
		};
/* End PBXNativeTarget section */

/* Begin PBXProject section */
		8051D2CF243BAD29008C162F /* Project object */ = {
			isa = PBXProject;
			attributes = {
				LastSwiftUpdateCheck = 1140;
				LastUpgradeCheck = 1140;
				ORGANIZATIONNAME = "Henrique Figueiredo Conte";
				TargetAttributes = {
					8051D2D6243BAD29008C162F = {
						CreatedOnToolsVersion = 11.4;
					};
				};
			};
			buildConfigurationList = 8051D2D2243BAD29008C162F /* Build configuration list for PBXProject "LyricsPlayer" */;
			compatibilityVersion = "Xcode 9.3";
			developmentRegion = en;
			hasScannedForEncodings = 0;
			knownRegions = (
				en,
				Base,
			);
			mainGroup = 8051D2CE243BAD29008C162F;
			productRefGroup = 8051D2D8243BAD29008C162F /* Products */;
			projectDirPath = "";
			projectRoot = "";
			targets = (
				8051D2D6243BAD29008C162F /* LyricsPlayer */,
			);
		};
/* End PBXProject section */

/* Begin PBXResourcesBuildPhase section */
		8051D2D5243BAD29008C162F /* Resources */ = {
			isa = PBXResourcesBuildPhase;
			buildActionMask = 2147483647;
			files = (
				8051D2E7243BAD2B008C162F /* LaunchScreen.storyboard in Resources */,
				8051D2E4243BAD2B008C162F /* Preview Assets.xcassets in Resources */,
				8051D2E1243BAD2B008C162F /* Assets.xcassets in Resources */,
			);
			runOnlyForDeploymentPostprocessing = 0;
		};
/* End PBXResourcesBuildPhase section */

/* Begin PBXShellScriptBuildPhase section */
		A91839BCB0CBF8AF3DE1476C /* [CP] Embed Pods Frameworks */ = {
			isa = PBXShellScriptBuildPhase;
			buildActionMask = 2147483647;
			files = (
			);
			inputFileListPaths = (
				"${PODS_ROOT}/Target Support Files/Pods-LyricsPlayer/Pods-LyricsPlayer-frameworks-${CONFIGURATION}-input-files.xcfilelist",
			);
			name = "[CP] Embed Pods Frameworks";
			outputFileListPaths = (
				"${PODS_ROOT}/Target Support Files/Pods-LyricsPlayer/Pods-LyricsPlayer-frameworks-${CONFIGURATION}-output-files.xcfilelist",
			);
			runOnlyForDeploymentPostprocessing = 0;
			shellPath = /bin/sh;
			shellScript = "\"${PODS_ROOT}/Target Support Files/Pods-LyricsPlayer/Pods-LyricsPlayer-frameworks.sh\"\n";
			showEnvVarsInLog = 0;
		};
		CC6283F1DE7AC7AD0B978006 /* [CP] Check Pods Manifest.lock */ = {
			isa = PBXShellScriptBuildPhase;
			buildActionMask = 2147483647;
			files = (
			);
			inputFileListPaths = (
			);
			inputPaths = (
				"${PODS_PODFILE_DIR_PATH}/Podfile.lock",
				"${PODS_ROOT}/Manifest.lock",
			);
			name = "[CP] Check Pods Manifest.lock";
			outputFileListPaths = (
			);
			outputPaths = (
				"$(DERIVED_FILE_DIR)/Pods-LyricsPlayer-checkManifestLockResult.txt",
			);
			runOnlyForDeploymentPostprocessing = 0;
			shellPath = /bin/sh;
			shellScript = "diff \"${PODS_PODFILE_DIR_PATH}/Podfile.lock\" \"${PODS_ROOT}/Manifest.lock\" > /dev/null\nif [ $? != 0 ] ; then\n    # print error to STDERR\n    echo \"error: The sandbox is not in sync with the Podfile.lock. Run 'pod install' or update your CocoaPods installation.\" >&2\n    exit 1\nfi\n# This output is used by Xcode 'outputs' to avoid re-running this script phase.\necho \"SUCCESS\" > \"${SCRIPT_OUTPUT_FILE_0}\"\n";
			showEnvVarsInLog = 0;
		};
/* End PBXShellScriptBuildPhase section */

/* Begin PBXSourcesBuildPhase section */
		8051D2D3243BAD29008C162F /* Sources */ = {
			isa = PBXSourcesBuildPhase;
			buildActionMask = 2147483647;
			files = (
				E7797541243CF73200085F75 /* WebService.swift in Sources */,
				80859A512444DF3B005FE335 /* BigTextView.swift in Sources */,
				8051D2DB243BAD29008C162F /* AppDelegate.swift in Sources */,
				80859A572444DF4A005FE335 /* StatusBarColor.swift in Sources */,
				C0D98450243E470900A934E7 /* InnerShadowView.swift in Sources */,
				80859A562444DF4A005FE335 /* ColorsConstants.swift in Sources */,
				8051D2DD243BAD29008C162F /* SceneDelegate.swift in Sources */,
				80017E3A2444EC61002C4634 /* PlayerBarView.swift in Sources */,
				E7E576CB2444D92500D6B6B1 /* SearchBarView.swift in Sources */,
				C0CE29A3243FD32800DEEC7D /* MostReadModel.swift in Sources */,
				C0956E66243D3ADA00E74C81 /* MarqueeText.swift in Sources */,
				80859A502444DF3B005FE335 /* SmallTextView.swift in Sources */,
				C01F4C36243D14E00064B848 /* MainHorizontalScrollView.swift in Sources */,
				C0CE29A7243FD8E000DEEC7D /* MostReadData.swift in Sources */,
				80859A522444DF3B005FE335 /* LyricsView.swift in Sources */,
				C0655C4724424DC1007E077A /* AlbumImageModel.swift in Sources */,
				8051D2DF243BAD29008C162F /* ContentView.swift in Sources */,
				E779753F243CF71A00085F75 /* MusicSearch.swift in Sources */,
			);
			runOnlyForDeploymentPostprocessing = 0;
		};
/* End PBXSourcesBuildPhase section */

/* Begin PBXVariantGroup section */
		8051D2E5243BAD2B008C162F /* LaunchScreen.storyboard */ = {
			isa = PBXVariantGroup;
			children = (
				8051D2E6243BAD2B008C162F /* Base */,
			);
			name = LaunchScreen.storyboard;
			sourceTree = "<group>";
		};
/* End PBXVariantGroup section */

/* Begin XCBuildConfiguration section */
		8051D2E9243BAD2B008C162F /* Debug */ = {
			isa = XCBuildConfiguration;
			buildSettings = {
				ALWAYS_SEARCH_USER_PATHS = NO;
				CLANG_ANALYZER_NONNULL = YES;
				CLANG_ANALYZER_NUMBER_OBJECT_CONVERSION = YES_AGGRESSIVE;
				CLANG_CXX_LANGUAGE_STANDARD = "gnu++14";
				CLANG_CXX_LIBRARY = "libc++";
				CLANG_ENABLE_MODULES = YES;
				CLANG_ENABLE_OBJC_ARC = YES;
				CLANG_ENABLE_OBJC_WEAK = YES;
				CLANG_WARN_BLOCK_CAPTURE_AUTORELEASING = YES;
				CLANG_WARN_BOOL_CONVERSION = YES;
				CLANG_WARN_COMMA = YES;
				CLANG_WARN_CONSTANT_CONVERSION = YES;
				CLANG_WARN_DEPRECATED_OBJC_IMPLEMENTATIONS = YES;
				CLANG_WARN_DIRECT_OBJC_ISA_USAGE = YES_ERROR;
				CLANG_WARN_DOCUMENTATION_COMMENTS = YES;
				CLANG_WARN_EMPTY_BODY = YES;
				CLANG_WARN_ENUM_CONVERSION = YES;
				CLANG_WARN_INFINITE_RECURSION = YES;
				CLANG_WARN_INT_CONVERSION = YES;
				CLANG_WARN_NON_LITERAL_NULL_CONVERSION = YES;
				CLANG_WARN_OBJC_IMPLICIT_RETAIN_SELF = YES;
				CLANG_WARN_OBJC_LITERAL_CONVERSION = YES;
				CLANG_WARN_OBJC_ROOT_CLASS = YES_ERROR;
				CLANG_WARN_RANGE_LOOP_ANALYSIS = YES;
				CLANG_WARN_STRICT_PROTOTYPES = YES;
				CLANG_WARN_SUSPICIOUS_MOVE = YES;
				CLANG_WARN_UNGUARDED_AVAILABILITY = YES_AGGRESSIVE;
				CLANG_WARN_UNREACHABLE_CODE = YES;
				CLANG_WARN__DUPLICATE_METHOD_MATCH = YES;
				COPY_PHASE_STRIP = NO;
				DEBUG_INFORMATION_FORMAT = dwarf;
				ENABLE_STRICT_OBJC_MSGSEND = YES;
				ENABLE_TESTABILITY = YES;
				GCC_C_LANGUAGE_STANDARD = gnu11;
				GCC_DYNAMIC_NO_PIC = NO;
				GCC_NO_COMMON_BLOCKS = YES;
				GCC_OPTIMIZATION_LEVEL = 0;
				GCC_PREPROCESSOR_DEFINITIONS = (
					"DEBUG=1",
					"$(inherited)",
				);
				GCC_WARN_64_TO_32_BIT_CONVERSION = YES;
				GCC_WARN_ABOUT_RETURN_TYPE = YES_ERROR;
				GCC_WARN_UNDECLARED_SELECTOR = YES;
				GCC_WARN_UNINITIALIZED_AUTOS = YES_AGGRESSIVE;
				GCC_WARN_UNUSED_FUNCTION = YES;
				GCC_WARN_UNUSED_VARIABLE = YES;
				IPHONEOS_DEPLOYMENT_TARGET = 13.4;
				MTL_ENABLE_DEBUG_INFO = INCLUDE_SOURCE;
				MTL_FAST_MATH = YES;
				ONLY_ACTIVE_ARCH = YES;
				SDKROOT = iphoneos;
				SWIFT_ACTIVE_COMPILATION_CONDITIONS = DEBUG;
				SWIFT_OPTIMIZATION_LEVEL = "-Onone";
			};
			name = Debug;
		};
		8051D2EA243BAD2B008C162F /* Release */ = {
			isa = XCBuildConfiguration;
			buildSettings = {
				ALWAYS_SEARCH_USER_PATHS = NO;
				CLANG_ANALYZER_NONNULL = YES;
				CLANG_ANALYZER_NUMBER_OBJECT_CONVERSION = YES_AGGRESSIVE;
				CLANG_CXX_LANGUAGE_STANDARD = "gnu++14";
				CLANG_CXX_LIBRARY = "libc++";
				CLANG_ENABLE_MODULES = YES;
				CLANG_ENABLE_OBJC_ARC = YES;
				CLANG_ENABLE_OBJC_WEAK = YES;
				CLANG_WARN_BLOCK_CAPTURE_AUTORELEASING = YES;
				CLANG_WARN_BOOL_CONVERSION = YES;
				CLANG_WARN_COMMA = YES;
				CLANG_WARN_CONSTANT_CONVERSION = YES;
				CLANG_WARN_DEPRECATED_OBJC_IMPLEMENTATIONS = YES;
				CLANG_WARN_DIRECT_OBJC_ISA_USAGE = YES_ERROR;
				CLANG_WARN_DOCUMENTATION_COMMENTS = YES;
				CLANG_WARN_EMPTY_BODY = YES;
				CLANG_WARN_ENUM_CONVERSION = YES;
				CLANG_WARN_INFINITE_RECURSION = YES;
				CLANG_WARN_INT_CONVERSION = YES;
				CLANG_WARN_NON_LITERAL_NULL_CONVERSION = YES;
				CLANG_WARN_OBJC_IMPLICIT_RETAIN_SELF = YES;
				CLANG_WARN_OBJC_LITERAL_CONVERSION = YES;
				CLANG_WARN_OBJC_ROOT_CLASS = YES_ERROR;
				CLANG_WARN_RANGE_LOOP_ANALYSIS = YES;
				CLANG_WARN_STRICT_PROTOTYPES = YES;
				CLANG_WARN_SUSPICIOUS_MOVE = YES;
				CLANG_WARN_UNGUARDED_AVAILABILITY = YES_AGGRESSIVE;
				CLANG_WARN_UNREACHABLE_CODE = YES;
				CLANG_WARN__DUPLICATE_METHOD_MATCH = YES;
				COPY_PHASE_STRIP = NO;
				DEBUG_INFORMATION_FORMAT = "dwarf-with-dsym";
				ENABLE_NS_ASSERTIONS = NO;
				ENABLE_STRICT_OBJC_MSGSEND = YES;
				GCC_C_LANGUAGE_STANDARD = gnu11;
				GCC_NO_COMMON_BLOCKS = YES;
				GCC_WARN_64_TO_32_BIT_CONVERSION = YES;
				GCC_WARN_ABOUT_RETURN_TYPE = YES_ERROR;
				GCC_WARN_UNDECLARED_SELECTOR = YES;
				GCC_WARN_UNINITIALIZED_AUTOS = YES_AGGRESSIVE;
				GCC_WARN_UNUSED_FUNCTION = YES;
				GCC_WARN_UNUSED_VARIABLE = YES;
				IPHONEOS_DEPLOYMENT_TARGET = 13.4;
				MTL_ENABLE_DEBUG_INFO = NO;
				MTL_FAST_MATH = YES;
				SDKROOT = iphoneos;
				SWIFT_COMPILATION_MODE = wholemodule;
				SWIFT_OPTIMIZATION_LEVEL = "-O";
				VALIDATE_PRODUCT = YES;
			};
			name = Release;
		};
		8051D2EC243BAD2B008C162F /* Debug */ = {
			isa = XCBuildConfiguration;
			baseConfigurationReference = A6D694AB28F98BD9F94754D8 /* Pods-LyricsPlayer.debug.xcconfig */;
			buildSettings = {
				ASSETCATALOG_COMPILER_APPICON_NAME = AppIcon;
				CODE_SIGN_STYLE = Automatic;
				DEVELOPMENT_ASSET_PATHS = "\"LyricsPlayer/Preview Content\"";
				DEVELOPMENT_TEAM = 4NP5AK64M5;
				ENABLE_PREVIEWS = YES;
				INFOPLIST_FILE = LyricsPlayer/Info.plist;
				IPHONEOS_DEPLOYMENT_TARGET = 13.0;
				LD_RUNPATH_SEARCH_PATHS = (
					"$(inherited)",
					"@executable_path/Frameworks",
				);
				PRODUCT_BUNDLE_IDENTIFIER = henriqueConte.LyricsPlayer;
				PRODUCT_NAME = "$(TARGET_NAME)";
				SWIFT_VERSION = 5.0;
				TARGETED_DEVICE_FAMILY = "1,2";
			};
			name = Debug;
		};
		8051D2ED243BAD2B008C162F /* Release */ = {
			isa = XCBuildConfiguration;
			baseConfigurationReference = 5A44ACD6461E3293A8666DF2 /* Pods-LyricsPlayer.release.xcconfig */;
			buildSettings = {
				ASSETCATALOG_COMPILER_APPICON_NAME = AppIcon;
				CODE_SIGN_STYLE = Automatic;
				DEVELOPMENT_ASSET_PATHS = "\"LyricsPlayer/Preview Content\"";
				DEVELOPMENT_TEAM = 4NP5AK64M5;
				ENABLE_PREVIEWS = YES;
				INFOPLIST_FILE = LyricsPlayer/Info.plist;
				IPHONEOS_DEPLOYMENT_TARGET = 13.0;
				LD_RUNPATH_SEARCH_PATHS = (
					"$(inherited)",
					"@executable_path/Frameworks",
				);
				PRODUCT_BUNDLE_IDENTIFIER = henriqueConte.LyricsPlayer;
				PRODUCT_NAME = "$(TARGET_NAME)";
				SWIFT_VERSION = 5.0;
				TARGETED_DEVICE_FAMILY = "1,2";
			};
			name = Release;
		};
/* End XCBuildConfiguration section */

/* Begin XCConfigurationList section */
		8051D2D2243BAD29008C162F /* Build configuration list for PBXProject "LyricsPlayer" */ = {
			isa = XCConfigurationList;
			buildConfigurations = (
				8051D2E9243BAD2B008C162F /* Debug */,
				8051D2EA243BAD2B008C162F /* Release */,
			);
			defaultConfigurationIsVisible = 0;
			defaultConfigurationName = Release;
		};
		8051D2EB243BAD2B008C162F /* Build configuration list for PBXNativeTarget "LyricsPlayer" */ = {
			isa = XCConfigurationList;
			buildConfigurations = (
				8051D2EC243BAD2B008C162F /* Debug */,
				8051D2ED243BAD2B008C162F /* Release */,
			);
			defaultConfigurationIsVisible = 0;
			defaultConfigurationName = Release;
		};
/* End XCConfigurationList section */
	};
	rootObject = 8051D2CF243BAD29008C162F /* Project object */;
}
